
Microsoft Visual Studio Solution File, Format Version 12.00
# Visual Studio Version 17
VisualStudioVersion = 17.4.33213.308
MinimumVisualStudioVersion = 10.0.40219.1
Project("{FAE04EC0-301F-11D3-BF4B-00C04F79EFBC}") = "Progetto valvole", "Progetto valvole\Progetto valvole.csproj", "{885E1710-DF09-4F8B-AA36-FD4F04251BAF}"
EndProject
Global
	GlobalSection(SolutionConfigurationPlatforms) = preSolution
		Debug|Any CPU = Debug|Any CPU
		Release|Any CPU = Release|Any CPU
	EndGlobalSection
	GlobalSection(ProjectConfigurationPlatforms) = postSolution
		{885E1710-DF09-4F8B-AA36-FD4F04251BAF}.Debug|Any CPU.ActiveCfg = Debug|Any CPU
		{885E1710-DF09-4F8B-AA36-FD4F04251BAF}.Debug|Any CPU.Build.0 = Debug|Any CPU
		{885E1710-DF09-4F8B-AA36-FD4F04251BAF}.Release|Any CPU.ActiveCfg = Release|Any CPU
		{885E1710-DF09-4F8B-AA36-FD4F04251BAF}.Release|Any CPU.Build.0 = Release|Any CPU
	EndGlobalSection
	GlobalSection(SolutionProperties) = preSolution
		HideSolutionNode = FALSE
	EndGlobalSection
	GlobalSection(ExtensibilityGlobals) = postSolution
		SolutionGuid = {E60CB28F-426B-49C6-9433-FBCC07537849}
	EndGlobalSection
EndGlobal
